schema: '2.0'
stages:
  preprocess:
    cmd: python src/preprocessing.py
    deps:
    - path: data/raw/TelcoCustomer_Churn.csv
      hash: md5
      md5: 0f9de68e012bd3aed5fa7cdc9fc421af
      size: 977501
    - path: src/preprocessing.py
      hash: md5
      md5: a10f9c4e0d36efd1429ec6906d88e96a
      size: 1113
    outs:
    - path: data/processed/train.csv
      hash: md5
      md5: 9d96315ca3d62b03f28d71ac6d510335
      size: 575950182
    - path: models/numerical_cols.pkl
      hash: md5
      md5: edf48e7d4419d61f57764f320c74e7aa
      size: 58
    - path: models/scaler.pkl
      hash: md5
      md5: 933a833a3dbf0b61bd67a9a1966a0533
      size: 959
  tune:
    cmd: python src/tune.py
    deps:
    - path: data/processed/train.csv
      hash: md5
      md5: 9d96315ca3d62b03f28d71ac6d510335
      size: 575950182
    - path: src/tune.py
      hash: md5
      md5: 89528e94d1ccd64a69a9141c7491f90a
      size: 2991
    outs:
    - path: models/best_model.pkl
      hash: md5
      md5: 42ec04aa28f4480ed7fbdb5aac8c9324
      size: 423551
    - path: models/features.pkl
      hash: md5
      md5: 467b0303c69356f625bf45ec786b4037
      size: 313511
